
Microsoft Visual Studio Solution File, Format Version 12.00
# Visual Studio Version 17
VisualStudioVersion = 17.2.32526.322
MinimumVisualStudioVersion = 10.0.40219.1
Project("{FAE04EC0-301F-11D3-BF4B-00C04F79EFBC}") = "PNSserver", "PNSserver\PNSserver.csproj", "{475CB921-8C27-4A26-A782-EBF2A2499D38}"
EndProject
Global
	GlobalSection(SolutionConfigurationPlatforms) = preSolution
		Debug|Any CPU = Debug|Any CPU
		Release|Any CPU = Release|Any CPU
	EndGlobalSection
	GlobalSection(ProjectConfigurationPlatforms) = postSolution
		{475CB921-8C27-4A26-A782-EBF2A2499D38}.Debug|Any CPU.ActiveCfg = Debug|Any CPU
		{475CB921-8C27-4A26-A782-EBF2A2499D38}.Debug|Any CPU.Build.0 = Debug|Any CPU
		{475CB921-8C27-4A26-A782-EBF2A2499D38}.Release|Any CPU.ActiveCfg = Release|Any CPU
		{475CB921-8C27-4A26-A782-EBF2A2499D38}.Release|Any CPU.Build.0 = Release|Any CPU
	EndGlobalSection
	GlobalSection(SolutionProperties) = preSolution
		HideSolutionNode = FALSE
	EndGlobalSection
	GlobalSection(ExtensibilityGlobals) = postSolution
		SolutionGuid = {786E9F80-1301-4B1D-9A5D-C97C468CC8F8}
	EndGlobalSection
EndGlobal
